{
  "name": "node-abi-version",
  "version": "1.0.17",
  "lockfileVersion": 1,
  "requires": true,
  "dependencies": {
    "xml-node-parser": {
      "version": "1.0.1",
      "resolved": "https://registry.npmjs.org/xml-node-parser/-/xml-node-parser-1.0.1.tgz",
      "integrity": "sha512-k1gu1XF1gZT7Mnit8bgluI0ReicCv/VEVP4FshdXlRolfhTqu0PHCxOBmWGkb9uEXbjzhzhk8QEZSW8FjQRWAA=="
    }
  }
}
